version = 1
revision = 2
requires-python = ">=3.13"

[[package]]
name = "colorama"
version = "0.4.6"
source = { registry = "https://pypi.org/simple" }
sdist = { url = "https://files.pythonhosted.org/packages/d8/53/6f443c9a4a8358a93a6792e2acffb9d9d5cb0a5cfd8802644b7b1c9a02e4/colorama-0.4.6.tar.gz", hash = "sha256:08695f5cb7ed6e0531a20572697297273c47b8cae5a63ffc6d6ed5c201be6e44", size = 27697, upload-time = "2022-10-25T02:36:22.414Z" }
wheels = [
    { url = "https://files.pythonhosted.org/packages/d1/d6/3965ed04c63042e047cb6a3e6ed1a63a35087b6a609aa3a15ed8ac56c221/colorama-0.4.6-py2.py3-none-any.whl", hash = "sha256:4f1d9991f5acc0ca119f9d443620b77f9d6b33703e51011c16baf57afb285fc6", size = 25335, upload-time = "2022-10-25T02:36:20.889Z" },
]

[[package]]
name = "diskcache"
version = "5.6.3"
source = { registry = "https://pypi.org/simple" }
sdist = { url = "https://files.pythonhosted.org/packages/3f/21/1c1ffc1a039ddcc459db43cc108658f32c57d271d7289a2794e401d0fdb6/diskcache-5.6.3.tar.gz", hash = "sha256:2c3a3fa2743d8535d832ec61c2054a1641f41775aa7c556758a109941e33e4fc", size = 67916, upload-time = "2023-08-31T06:12:00.316Z" }
wheels = [
    { url = "https://files.pythonhosted.org/packages/3f/27/4570e78fc0bf5ea0ca45eb1de3818a23787af9b390c0b0a0033a1b8236f9/diskcache-5.6.3-py3-none-any.whl", hash = "sha256:5e31b2d5fbad117cc363ebaf6b689474db18a1f6438bc82358b024abd4c2ca19", size = 45550, upload-time = "2023-08-31T06:11:58.822Z" },
]

[[package]]
name = "iniconfig"
version = "2.1.0"
source = { registry = "https://pypi.org/simple" }
sdist = { url = "https://files.pythonhosted.org/packages/f2/97/ebf4da567aa6827c909642694d71c9fcf53e5b504f2d96afea02718862f3/iniconfig-2.1.0.tar.gz", hash = "sha256:3abbd2e30b36733fee78f9c7f7308f2d0050e88f0087fd25c2645f63c773e1c7", size = 4793, upload-time = "2025-03-19T20:09:59.721Z" }
wheels = [
    { url = "https://files.pythonhosted.org/packages/2c/e1/e6716421ea10d38022b952c159d5161ca1193197fb744506875fbb87ea7b/iniconfig-2.1.0-py3-none-any.whl", hash = "sha256:9deba5723312380e77435581c6bf4935c94cbfab9b1ed33ef8d238ea168eb760", size = 6050, upload-time = "2025-03-19T20:10:01.071Z" },
]

[[package]]
name = "packaging"
version = "25.0"
source = { registry = "https://pypi.org/simple" }
sdist = { url = "https://files.pythonhosted.org/packages/a1/d4/1fc4078c65507b51b96ca8f8c3ba19e6a61c8253c72794544580a7b6c24d/packaging-25.0.tar.gz", hash = "sha256:d443872c98d677bf60f6a1f2f8c1cb748e8fe762d2bf9d3148b5599295b0fc4f", size = 165727, upload-time = "2025-04-19T11:48:59.673Z" }
wheels = [
    { url = "https://files.pythonhosted.org/packages/20/12/38679034af332785aac8774540895e234f4d07f7545804097de4b666afd8/packaging-25.0-py3-none-any.whl", hash = "sha256:29572ef2b1f17581046b3a2227d5c611fb25ec70ca1ba8554b24b0e69331a484", size = 66469, upload-time = "2025-04-19T11:48:57.875Z" },
]

[[package]]
name = "plcache"
version = "0.1.0"
source = { editable = "." }
dependencies = [
    { name = "diskcache" },
    { name = "ty-extensions" },
    { name = "typing-extensions" },
]

[package.dev-dependencies]
debug = [
    { name = "pysnooper" },
]
dev = [
    { name = "polars" },
    { name = "pytest" },
]

[package.metadata]
requires-dist = [
    { name = "diskcache", specifier = ">=5.6.3" },
    { name = "ty-extensions", specifier = ">=0.1.0" },
    { name = "typing-extensions", specifier = ">=4.14.1" },
]

[package.metadata.requires-dev]
debug = [{ name = "pysnooper", specifier = ">=1.2.3" }]
dev = [
    { name = "polars", specifier = ">=1.32.2" },
    { name = "pytest", specifier = ">=8.4.1" },
]

[[package]]
name = "pluggy"
version = "1.6.0"
source = { registry = "https://pypi.org/simple" }
sdist = { url = "https://files.pythonhosted.org/packages/f9/e2/3e91f31a7d2b083fe6ef3fa267035b518369d9511ffab804f839851d2779/pluggy-1.6.0.tar.gz", hash = "sha256:7dcc130b76258d33b90f61b658791dede3486c3e6bfb003ee5c9bfb396dd22f3", size = 69412, upload-time = "2025-05-15T12:30:07.975Z" }
wheels = [
    { url = "https://files.pythonhosted.org/packages/54/20/4d324d65cc6d9205fabedc306948156824eb9f0ee1633355a8f7ec5c66bf/pluggy-1.6.0-py3-none-any.whl", hash = "sha256:e920276dd6813095e9377c0bc5566d94c932c33b27a3e3945d8389c374dd4746", size = 20538, upload-time = "2025-05-15T12:30:06.134Z" },
]

[[package]]
name = "polars"
version = "1.32.2"
source = { registry = "https://pypi.org/simple" }
sdist = { url = "https://files.pythonhosted.org/packages/8a/07/7864688644139b1bc198c36e34e81581ec76c8d20ae57c4879914786b2a1/polars-1.32.2.tar.gz", hash = "sha256:b4c5cefc7cf7a2461f8800cf2c09976c47cb1fd959c6ef3024d5618b497f05d3", size = 4788876, upload-time = "2025-08-07T10:51:16.587Z" }
wheels = [
    { url = "https://files.pythonhosted.org/packages/f5/61/b251ce6755d0d3c6f4c8cb245941b80901624fce7efeb95b37c170da2565/polars-1.32.2-cp39-abi3-macosx_10_12_x86_64.whl", hash = "sha256:f21da6a5210898ec800b7e9e667fb53eb9161b7ceb812ee6555ff5661a00e517", size = 37770199, upload-time = "2025-08-07T10:50:05.627Z" },
    { url = "https://files.pythonhosted.org/packages/22/74/ea073a88073cd6025b12850484f51d30dad695b51432a3f0a0439e2f8094/polars-1.32.2-cp39-abi3-macosx_11_0_arm64.whl", hash = "sha256:d3f4e061312ef6c2a907378ce407a6132734fe1a13f261a1984a1a9ca2f6febc", size = 34461798, upload-time = "2025-08-07T10:50:10.452Z" },
    { url = "https://files.pythonhosted.org/packages/ec/14/ee34ebe3eb842c83ca1d2d3af6ee02b08377e056ffad156c9a2b15a6d05c/polars-1.32.2-cp39-abi3-manylinux_2_17_x86_64.manylinux2014_x86_64.whl", hash = "sha256:a711a750cfc19f1f883d2b46895dd698abf4d446ca41c3bf510ced0ff1178057", size = 38280883, upload-time = "2025-08-07T10:50:14.168Z" },
    { url = "https://files.pythonhosted.org/packages/af/ed/0f5ab777b0dc95936074266bc6fd9cf117886ebdd6685589437edfdbb186/polars-1.32.2-cp39-abi3-manylinux_2_24_aarch64.whl", hash = "sha256:d1c53a828eedc215fb0dabc7cef02c6f4ad042157512ddb99840fd42b8da1e8a", size = 35490843, upload-time = "2025-08-07T10:50:18.325Z" },
    { url = "https://files.pythonhosted.org/packages/91/58/d2840554ef1c69e06a28ee928bdaa0d6a61af12205ff24c096628f217f99/polars-1.32.2-cp39-abi3-win_amd64.whl", hash = "sha256:5e1660a584e89e1d60cd89984feca38a695e491a966581fefe8be99c230ea154", size = 37897347, upload-time = "2025-08-07T10:50:22.247Z" },
    { url = "https://files.pythonhosted.org/packages/b8/53/4eaaa4f219add46594db21a05a9a5629ec6af20bd859a90668d5a1448abc/polars-1.32.2-cp39-abi3-win_arm64.whl", hash = "sha256:cd390364f6f3927474bd0aed255103195b9d2b3eef0f0c5bb429db5e6311615e", size = 34059100, upload-time = "2025-08-07T10:50:26.445Z" },
]

[[package]]
name = "pygments"
version = "2.19.2"
source = { registry = "https://pypi.org/simple" }
sdist = { url = "https://files.pythonhosted.org/packages/b0/77/a5b8c569bf593b0140bde72ea885a803b82086995367bf2037de0159d924/pygments-2.19.2.tar.gz", hash = "sha256:636cb2477cec7f8952536970bc533bc43743542f70392ae026374600add5b887", size = 4968631, upload-time = "2025-06-21T13:39:12.283Z" }
wheels = [
    { url = "https://files.pythonhosted.org/packages/c7/21/705964c7812476f378728bdf590ca4b771ec72385c533964653c68e86bdc/pygments-2.19.2-py3-none-any.whl", hash = "sha256:86540386c03d588bb81d44bc3928634ff26449851e99741617ecb9037ee5ec0b", size = 1225217, upload-time = "2025-06-21T13:39:07.939Z" },
]

[[package]]
name = "pysnooper"
version = "1.2.3"
source = { registry = "https://pypi.org/simple" }
sdist = { url = "https://files.pythonhosted.org/packages/d2/4a/be3c144f58de6b78911c417cc4a3b3fe5eb6d13cae4c12daf3ca17a8d473/pysnooper-1.2.3.tar.gz", hash = "sha256:1fa1425444a7af45108aaed860b5ca8b62b25bba25b0b037c059ba353d8f1e74", size = 46283, upload-time = "2025-05-31T23:22:46.786Z" }
wheels = [
    { url = "https://files.pythonhosted.org/packages/69/87/df62c8a998216e6749b67d548dae0967906036c61457510ef49667927c49/PySnooper-1.2.3-py2.py3-none-any.whl", hash = "sha256:546372f0e72da89f8d1b89e758b7c05a478d65288569a1ca2cc1620e7b1b1944", size = 15086, upload-time = "2025-05-31T23:22:45.745Z" },
]

[[package]]
name = "pytest"
version = "8.4.1"
source = { registry = "https://pypi.org/simple" }
dependencies = [
    { name = "colorama", marker = "sys_platform == 'win32'" },
    { name = "iniconfig" },
    { name = "packaging" },
    { name = "pluggy" },
    { name = "pygments" },
]
sdist = { url = "https://files.pythonhosted.org/packages/08/ba/45911d754e8eba3d5a841a5ce61a65a685ff1798421ac054f85aa8747dfb/pytest-8.4.1.tar.gz", hash = "sha256:7c67fd69174877359ed9371ec3af8a3d2b04741818c51e5e99cc1742251fa93c", size = 1517714, upload-time = "2025-06-18T05:48:06.109Z" }
wheels = [
    { url = "https://files.pythonhosted.org/packages/29/16/c8a903f4c4dffe7a12843191437d7cd8e32751d5de349d45d3fe69544e87/pytest-8.4.1-py3-none-any.whl", hash = "sha256:539c70ba6fcead8e78eebbf1115e8b589e7565830d7d006a8723f19ac8a0afb7", size = 365474, upload-time = "2025-06-18T05:48:03.955Z" },
]

[[package]]
name = "ty-extensions"
version = "0.1.0"
source = { registry = "https://pypi.org/simple" }
sdist = { url = "https://files.pythonhosted.org/packages/80/08/de6357caa6dcd5aba4d0fdcb81736522ffdf1059af52db0f259eaa229a05/ty_extensions-0.1.0.tar.gz", hash = "sha256:c5a841b6f00656b1222cc3f4e626b54941fd857f1be4fd569d220070f0d73c79", size = 917, upload-time = "2025-05-02T20:06:21.035Z" }
wheels = [
    { url = "https://files.pythonhosted.org/packages/1a/b9/6e33e87aaa8e4b7fbd91f83cbccc2c162dd9e0349de43912b3e4b8eff31b/ty_extensions-0.1.0-py3-none-any.whl", hash = "sha256:0099ad2bf10eb23931c2fe586820c7fca0b1d2cb22499c6158b2fe409a24a1c9", size = 1274, upload-time = "2025-05-02T20:06:20.031Z" },
]

[[package]]
name = "typing-extensions"
version = "4.14.1"
source = { registry = "https://pypi.org/simple" }
sdist = { url = "https://files.pythonhosted.org/packages/98/5a/da40306b885cc8c09109dc2e1abd358d5684b1425678151cdaed4731c822/typing_extensions-4.14.1.tar.gz", hash = "sha256:38b39f4aeeab64884ce9f74c94263ef78f3c22467c8724005483154c26648d36", size = 107673, upload-time = "2025-07-04T13:28:34.16Z" }
wheels = [
    { url = "https://files.pythonhosted.org/packages/b5/00/d631e67a838026495268c2f6884f3711a15a9a2a96cd244fdaea53b823fb/typing_extensions-4.14.1-py3-none-any.whl", hash = "sha256:d1e1e3b58374dc93031d6eda2420a48ea44a36c2b4766a4fdeb3710755731d76", size = 43906, upload-time = "2025-07-04T13:28:32.743Z" },
]
